// !$*UTF8*$!
{
	archiveVersion = 1;
	classes = {
	};
	objectVersion = 46;
	objects = {

/* Begin PBXBuildFile section */
		B60C9FDF140ABC080017BF6B /* FormPortrait.png in Resources */ = {isa = PBXBuildFile; fileRef = B60C9FDD140ABC070017BF6B /* FormPortrait.png */; };
		B62E32701411F6060037D96D /* ef_logo.png in Resources */ = {isa = PBXBuildFile; fileRef = B62E326F1411F6060037D96D /* ef_logo.png */; };
		B62E32A214127FC80037D96D /* TDDatePickerController.m in Sources */ = {isa = PBXBuildFile; fileRef = B62E329B14127FC80037D96D /* TDDatePickerController.m */; };
		B62E32A314127FC80037D96D /* TDDatePickerController.xib in Resources */ = {isa = PBXBuildFile; fileRef = B62E329C14127FC80037D96D /* TDDatePickerController.xib */; };
		B62E32A414127FC80037D96D /* TDSemiModalViewController.m in Sources */ = {isa = PBXBuildFile; fileRef = B62E329F14127FC80037D96D /* TDSemiModalViewController.m */; };
		B62E32A514127FC80037D96D /* UIViewController+TDSemiModalExtension.m in Sources */ = {isa = PBXBuildFile; fileRef = B62E32A114127FC80037D96D /* UIViewController+TDSemiModalExtension.m */; };
		B62E32B1141351240037D96D /* EFKidsLeadsSubmittedViewController.m in Sources */ = {isa = PBXBuildFile; fileRef = B62E32AF141351240037D96D /* EFKidsLeadsSubmittedViewController.m */; };
		B62E32B2141351240037D96D /* EFKidsLeadsSubmittedViewController.xib in Resources */ = {isa = PBXBuildFile; fileRef = B62E32B0141351240037D96D /* EFKidsLeadsSubmittedViewController.xib */; };
		B62E32B41413516F0037D96D /* SubmittedLandscape.png in Resources */ = {isa = PBXBuildFile; fileRef = B62E32B31413516F0037D96D /* SubmittedLandscape.png */; };
		B6365094141132670006B2D4 /* SBTableAlert.m in Sources */ = {isa = PBXBuildFile; fileRef = B6365093141132670006B2D4 /* SBTableAlert.m */; };
		B6365098141159F40006B2D4 /* Helper.m in Sources */ = {isa = PBXBuildFile; fileRef = B6365097141159F40006B2D4 /* Helper.m */; };
		B63AE9C4140A03C600EA4D2F /* UIKit.framework in Frameworks */ = {isa = PBXBuildFile; fileRef = B63AE9C3140A03C600EA4D2F /* UIKit.framework */; };
		B63AE9C6140A03C600EA4D2F /* Foundation.framework in Frameworks */ = {isa = PBXBuildFile; fileRef = B63AE9C5140A03C600EA4D2F /* Foundation.framework */; };
		B63AE9C8140A03C600EA4D2F /* CoreGraphics.framework in Frameworks */ = {isa = PBXBuildFile; fileRef = B63AE9C7140A03C600EA4D2F /* CoreGraphics.framework */; };
		B63AE9CE140A03C600EA4D2F /* InfoPlist.strings in Resources */ = {isa = PBXBuildFile; fileRef = B63AE9CC140A03C600EA4D2F /* InfoPlist.strings */; };
		B63AE9D0140A03C600EA4D2F /* main.m in Sources */ = {isa = PBXBuildFile; fileRef = B63AE9CF140A03C600EA4D2F /* main.m */; };
		B63AE9D4140A03C600EA4D2F /* EFKidsLeadsFormAppDelegate.m in Sources */ = {isa = PBXBuildFile; fileRef = B63AE9D3140A03C600EA4D2F /* EFKidsLeadsFormAppDelegate.m */; };
		B63AE9D7140A03C600EA4D2F /* MainWindow.xib in Resources */ = {isa = PBXBuildFile; fileRef = B63AE9D5140A03C600EA4D2F /* MainWindow.xib */; };
		B63AE9DA140A03C600EA4D2F /* EFKidsLeadsFormViewController.m in Sources */ = {isa = PBXBuildFile; fileRef = B63AE9D9140A03C600EA4D2F /* EFKidsLeadsFormViewController.m */; };
		B63AE9DD140A03C700EA4D2F /* EFKidsLeadsFormViewController.xib in Resources */ = {isa = PBXBuildFile; fileRef = B63AE9DB140A03C700EA4D2F /* EFKidsLeadsFormViewController.xib */; };
		B63AEA42140A061E00EA4D2F /* .gitattributes in Resources */ = {isa = PBXBuildFile; fileRef = B63AE9E9140A061E00EA4D2F /* .gitattributes */; };
		B63AEA43140A061E00EA4D2F /* .gitignore in Resources */ = {isa = PBXBuildFile; fileRef = B63AE9EA140A061E00EA4D2F /* .gitignore */; };
		B63AEA44140A061E00EA4D2F /* ASIAuthenticationDialog.m in Sources */ = {isa = PBXBuildFile; fileRef = B63AE9ED140A061E00EA4D2F /* ASIAuthenticationDialog.m */; };
		B63AEA45140A061E00EA4D2F /* ASIDataCompressor.m in Sources */ = {isa = PBXBuildFile; fileRef = B63AE9F0140A061E00EA4D2F /* ASIDataCompressor.m */; };
		B63AEA46140A061E00EA4D2F /* ASIDataDecompressor.m in Sources */ = {isa = PBXBuildFile; fileRef = B63AE9F2140A061E00EA4D2F /* ASIDataDecompressor.m */; };
		B63AEA47140A061E00EA4D2F /* ASIDownloadCache.m in Sources */ = {isa = PBXBuildFile; fileRef = B63AE9F4140A061E00EA4D2F /* ASIDownloadCache.m */; };
		B63AEA48140A061E00EA4D2F /* ASIFormDataRequest.m in Sources */ = {isa = PBXBuildFile; fileRef = B63AE9F6140A061E00EA4D2F /* ASIFormDataRequest.m */; };
		B63AEA49140A061E00EA4D2F /* ASIHTTPRequest.m in Sources */ = {isa = PBXBuildFile; fileRef = B63AE9F8140A061E00EA4D2F /* ASIHTTPRequest.m */; };
		B63AEA4A140A061E00EA4D2F /* ASIInputStream.m in Sources */ = {isa = PBXBuildFile; fileRef = B63AE9FC140A061E00EA4D2F /* ASIInputStream.m */; };
		B63AEA4B140A061E00EA4D2F /* ASINetworkQueue.m in Sources */ = {isa = PBXBuildFile; fileRef = B63AE9FE140A061E00EA4D2F /* ASINetworkQueue.m */; };
		B63AEA4C140A061E00EA4D2F /* ASIWebPageRequest.m in Sources */ = {isa = PBXBuildFile; fileRef = B63AEA02140A061E00EA4D2F /* ASIWebPageRequest.m */; };
		B63AEA4D140A061E00EA4D2F /* ASICloudFilesCDNRequest.m in Sources */ = {isa = PBXBuildFile; fileRef = B63AEA05140A061E00EA4D2F /* ASICloudFilesCDNRequest.m */; };
		B63AEA4E140A061E00EA4D2F /* ASICloudFilesContainer.m in Sources */ = {isa = PBXBuildFile; fileRef = B63AEA07140A061E00EA4D2F /* ASICloudFilesContainer.m */; };
		B63AEA4F140A061E00EA4D2F /* ASICloudFilesContainerRequest.m in Sources */ = {isa = PBXBuildFile; fileRef = B63AEA09140A061E00EA4D2F /* ASICloudFilesContainerRequest.m */; };
		B63AEA50140A061E00EA4D2F /* ASICloudFilesContainerXMLParserDelegate.m in Sources */ = {isa = PBXBuildFile; fileRef = B63AEA0B140A061E00EA4D2F /* ASICloudFilesContainerXMLParserDelegate.m */; };
		B63AEA51140A061E00EA4D2F /* ASICloudFilesObject.m in Sources */ = {isa = PBXBuildFile; fileRef = B63AEA0D140A061E00EA4D2F /* ASICloudFilesObject.m */; };
		B63AEA52140A061E00EA4D2F /* ASICloudFilesObjectRequest.m in Sources */ = {isa = PBXBuildFile; fileRef = B63AEA0F140A061E00EA4D2F /* ASICloudFilesObjectRequest.m */; };
		B63AEA53140A061E00EA4D2F /* ASICloudFilesRequest.m in Sources */ = {isa = PBXBuildFile; fileRef = B63AEA11140A061E00EA4D2F /* ASICloudFilesRequest.m */; };
		B63AEA54140A061E00EA4D2F /* ASIS3Bucket.m in Sources */ = {isa = PBXBuildFile; fileRef = B63AEA15140A061E00EA4D2F /* ASIS3Bucket.m */; };
		B63AEA55140A061E00EA4D2F /* ASIS3BucketObject.m in Sources */ = {isa = PBXBuildFile; fileRef = B63AEA17140A061E00EA4D2F /* ASIS3BucketObject.m */; };
		B63AEA56140A061E00EA4D2F /* ASIS3BucketRequest.m in Sources */ = {isa = PBXBuildFile; fileRef = B63AEA19140A061E00EA4D2F /* ASIS3BucketRequest.m */; };
		B63AEA57140A061E00EA4D2F /* ASIS3ObjectRequest.m in Sources */ = {isa = PBXBuildFile; fileRef = B63AEA1B140A061E00EA4D2F /* ASIS3ObjectRequest.m */; };
		B63AEA58140A061E00EA4D2F /* ASIS3Request.m in Sources */ = {isa = PBXBuildFile; fileRef = B63AEA1D140A061E00EA4D2F /* ASIS3Request.m */; };
		B63AEA59140A061E00EA4D2F /* ASIS3ServiceRequest.m in Sources */ = {isa = PBXBuildFile; fileRef = B63AEA1F140A061E00EA4D2F /* ASIS3ServiceRequest.m */; };
		B63AEA5A140A061E00EA4D2F /* README-GHUnit in Resources */ = {isa = PBXBuildFile; fileRef = B63AEA23140A061E00EA4D2F /* README-GHUnit */; };
		B63AEA5B140A061E00EA4D2F /* Reachability.m in Sources */ = {isa = PBXBuildFile; fileRef = B63AEA26140A061E00EA4D2F /* Reachability.m */; };
		B63AEA5C140A061E00EA4D2F /* NSObject+SBJson.m in Sources */ = {isa = PBXBuildFile; fileRef = B63AEA2A140A061E00EA4D2F /* NSObject+SBJson.m */; };
		B63AEA5D140A061E00EA4D2F /* SBJsonParser.m in Sources */ = {isa = PBXBuildFile; fileRef = B63AEA2D140A061E00EA4D2F /* SBJsonParser.m */; };
		B63AEA5E140A061E00EA4D2F /* SBJsonStreamParser.m in Sources */ = {isa = PBXBuildFile; fileRef = B63AEA2F140A061E00EA4D2F /* SBJsonStreamParser.m */; };
		B63AEA5F140A061E00EA4D2F /* SBJsonStreamParserAccumulator.m in Sources */ = {isa = PBXBuildFile; fileRef = B63AEA31140A061E00EA4D2F /* SBJsonStreamParserAccumulator.m */; };
		B63AEA60140A061E00EA4D2F /* SBJsonStreamParserAdapter.m in Sources */ = {isa = PBXBuildFile; fileRef = B63AEA33140A061E00EA4D2F /* SBJsonStreamParserAdapter.m */; };
		B63AEA61140A061E00EA4D2F /* SBJsonStreamParserState.m in Sources */ = {isa = PBXBuildFile; fileRef = B63AEA35140A061E00EA4D2F /* SBJsonStreamParserState.m */; };
		B63AEA62140A061E00EA4D2F /* SBJsonStreamWriter.m in Sources */ = {isa = PBXBuildFile; fileRef = B63AEA37140A061E00EA4D2F /* SBJsonStreamWriter.m */; };
		B63AEA63140A061E00EA4D2F /* SBJsonStreamWriterAccumulator.m in Sources */ = {isa = PBXBuildFile; fileRef = B63AEA39140A061E00EA4D2F /* SBJsonStreamWriterAccumulator.m */; };
		B63AEA64140A061E00EA4D2F /* SBJsonStreamWriterState.m in Sources */ = {isa = PBXBuildFile; fileRef = B63AEA3B140A061E00EA4D2F /* SBJsonStreamWriterState.m */; };
		B63AEA65140A061E00EA4D2F /* SBJsonTokeniser.m in Sources */ = {isa = PBXBuildFile; fileRef = B63AEA3D140A061E00EA4D2F /* SBJsonTokeniser.m */; };
		B63AEA66140A061E00EA4D2F /* SBJsonUTF8Stream.m in Sources */ = {isa = PBXBuildFile; fileRef = B63AEA3F140A061E00EA4D2F /* SBJsonUTF8Stream.m */; };
		B63AEA67140A061E00EA4D2F /* SBJsonWriter.m in Sources */ = {isa = PBXBuildFile; fileRef = B63AEA41140A061E00EA4D2F /* SBJsonWriter.m */; };
		B63AEA6B140A073700EA4D2F /* Default-Portrait~ipad.png in Resources */ = {isa = PBXBuildFile; fileRef = B63AEA6A140A073700EA4D2F /* Default-Portrait~ipad.png */; };
		B63AEA6D140A074B00EA4D2F /* Default-Landscape~ipad.png in Resources */ = {isa = PBXBuildFile; fileRef = B63AEA6C140A074B00EA4D2F /* Default-Landscape~ipad.png */; };
		B63AEA6F140A078C00EA4D2F /* MobileCoreServices.framework in Frameworks */ = {isa = PBXBuildFile; fileRef = B63AEA6E140A078C00EA4D2F /* MobileCoreServices.framework */; };
		B63AEA71140A079B00EA4D2F /* SystemConfiguration.framework in Frameworks */ = {isa = PBXBuildFile; fileRef = B63AEA70140A079B00EA4D2F /* SystemConfiguration.framework */; };
		B63AEA73140A07B200EA4D2F /* CFNetwork.framework in Frameworks */ = {isa = PBXBuildFile; fileRef = B63AEA72140A07B200EA4D2F /* CFNetwork.framework */; };
		B63AEA75140A07BE00EA4D2F /* libxml2.dylib in Frameworks */ = {isa = PBXBuildFile; fileRef = B63AEA74140A07BE00EA4D2F /* libxml2.dylib */; };
		B63AEA77140A07C900EA4D2F /* libz.dylib in Frameworks */ = {isa = PBXBuildFile; fileRef = B63AEA76140A07C900EA4D2F /* libz.dylib */; };
		B6EAAA561415127900AC90B7 /* FormLandscape.png in Resources */ = {isa = PBXBuildFile; fileRef = B6EAAA551415127900AC90B7 /* FormLandscape.png */; };
		B6EAAA5E1415194B00AC90B7 /* LoadingView.m in Sources */ = {isa = PBXBuildFile; fileRef = B6EAAA5D1415194B00AC90B7 /* LoadingView.m */; };
/* End PBXBuildFile section */

/* Begin PBXFileReference section */
		B60C9FDD140ABC070017BF6B /* FormPortrait.png */ = {isa = PBXFileReference; lastKnownFileType = image.png; name = FormPortrait.png; path = EFKidsLeadsForm/Resources/Backgrounds/FormPortrait.png; sourceTree = "<group>"; };
		B62E326F1411F6060037D96D /* ef_logo.png */ = {isa = PBXFileReference; lastKnownFileType = image.png; path = ef_logo.png; sourceTree = "<group>"; };
		B62E329A14127FC80037D96D /* TDDatePickerController.h */ = {isa = PBXFileReference; fileEncoding = 4; lastKnownFileType = sourcecode.c.h; path = TDDatePickerController.h; sourceTree = "<group>"; };
		B62E329B14127FC80037D96D /* TDDatePickerController.m */ = {isa = PBXFileReference; fileEncoding = 4; lastKnownFileType = sourcecode.c.objc; path = TDDatePickerController.m; sourceTree = "<group>"; };
		B62E329C14127FC80037D96D /* TDDatePickerController.xib */ = {isa = PBXFileReference; fileEncoding = 4; lastKnownFileType = file.xib; path = TDDatePickerController.xib; sourceTree = "<group>"; };
		B62E329D14127FC80037D96D /* TDSemiModal.h */ = {isa = PBXFileReference; fileEncoding = 4; lastKnownFileType = sourcecode.c.h; path = TDSemiModal.h; sourceTree = "<group>"; };
		B62E329E14127FC80037D96D /* TDSemiModalViewController.h */ = {isa = PBXFileReference; fileEncoding = 4; lastKnownFileType = sourcecode.c.h; path = TDSemiModalViewController.h; sourceTree = "<group>"; };
		B62E329F14127FC80037D96D /* TDSemiModalViewController.m */ = {isa = PBXFileReference; fileEncoding = 4; lastKnownFileType = sourcecode.c.objc; path = TDSemiModalViewController.m; sourceTree = "<group>"; };
		B62E32A014127FC80037D96D /* UIViewController+TDSemiModalExtension.h */ = {isa = PBXFileReference; fileEncoding = 4; lastKnownFileType = sourcecode.c.h; path = "UIViewController+TDSemiModalExtension.h"; sourceTree = "<group>"; };
		B62E32A114127FC80037D96D /* UIViewController+TDSemiModalExtension.m */ = {isa = PBXFileReference; fileEncoding = 4; lastKnownFileType = sourcecode.c.objc; path = "UIViewController+TDSemiModalExtension.m"; sourceTree = "<group>"; };
		B62E32AE141351240037D96D /* EFKidsLeadsSubmittedViewController.h */ = {isa = PBXFileReference; fileEncoding = 4; lastKnownFileType = sourcecode.c.h; path = EFKidsLeadsSubmittedViewController.h; sourceTree = "<group>"; };
		B62E32AF141351240037D96D /* EFKidsLeadsSubmittedViewController.m */ = {isa = PBXFileReference; fileEncoding = 4; lastKnownFileType = sourcecode.c.objc; path = EFKidsLeadsSubmittedViewController.m; sourceTree = "<group>"; };
		B62E32B0141351240037D96D /* EFKidsLeadsSubmittedViewController.xib */ = {isa = PBXFileReference; fileEncoding = 4; lastKnownFileType = file.xib; path = EFKidsLeadsSubmittedViewController.xib; sourceTree = "<group>"; };
		B62E32B31413516F0037D96D /* SubmittedLandscape.png */ = {isa = PBXFileReference; lastKnownFileType = image.png; name = SubmittedLandscape.png; path = EFKidsLeadsForm/Resources/Backgrounds/SubmittedLandscape.png; sourceTree = "<group>"; };
		B6365092141132670006B2D4 /* SBTableAlert.h */ = {isa = PBXFileReference; fileEncoding = 4; lastKnownFileType = sourcecode.c.h; path = SBTableAlert.h; sourceTree = "<group>"; };
		B6365093141132670006B2D4 /* SBTableAlert.m */ = {isa = PBXFileReference; fileEncoding = 4; lastKnownFileType = sourcecode.c.objc; path = SBTableAlert.m; sourceTree = "<group>"; };
		B6365096141159F40006B2D4 /* Helper.h */ = {isa = PBXFileReference; fileEncoding = 4; lastKnownFileType = sourcecode.c.h; name = Helper.h; path = EFKidsLeadsForm/Common/Helper.h; sourceTree = "<group>"; };
		B6365097141159F40006B2D4 /* Helper.m */ = {isa = PBXFileReference; fileEncoding = 4; lastKnownFileType = sourcecode.c.objc; name = Helper.m; path = EFKidsLeadsForm/Common/Helper.m; sourceTree = "<group>"; };
		B63AE9BF140A03C600EA4D2F /* EFKidsLeadsForm.app */ = {isa = PBXFileReference; explicitFileType = wrapper.application; includeInIndex = 0; path = EFKidsLeadsForm.app; sourceTree = BUILT_PRODUCTS_DIR; };
		B63AE9C3140A03C600EA4D2F /* UIKit.framework */ = {isa = PBXFileReference; lastKnownFileType = wrapper.framework; name = UIKit.framework; path = System/Library/Frameworks/UIKit.framework; sourceTree = SDKROOT; };
		B63AE9C5140A03C600EA4D2F /* Foundation.framework */ = {isa = PBXFileReference; lastKnownFileType = wrapper.framework; name = Foundation.framework; path = System/Library/Frameworks/Foundation.framework; sourceTree = SDKROOT; };
		B63AE9C7140A03C600EA4D2F /* CoreGraphics.framework */ = {isa = PBXFileReference; lastKnownFileType = wrapper.framework; name = CoreGraphics.framework; path = System/Library/Frameworks/CoreGraphics.framework; sourceTree = SDKROOT; };
		B63AE9CB140A03C600EA4D2F /* EFKidsLeadsForm-Info.plist */ = {isa = PBXFileReference; lastKnownFileType = text.plist.xml; path = "EFKidsLeadsForm-Info.plist"; sourceTree = "<group>"; };
		B63AE9CD140A03C600EA4D2F /* en */ = {isa = PBXFileReference; lastKnownFileType = text.plist.strings; name = en; path = en.lproj/InfoPlist.strings; sourceTree = "<group>"; };
		B63AE9CF140A03C600EA4D2F /* main.m */ = {isa = PBXFileReference; lastKnownFileType = sourcecode.c.objc; path = main.m; sourceTree = "<group>"; };
		B63AE9D1140A03C600EA4D2F /* EFKidsLeadsForm-Prefix.pch */ = {isa = PBXFileReference; lastKnownFileType = sourcecode.c.h; path = "EFKidsLeadsForm-Prefix.pch"; sourceTree = "<group>"; };
		B63AE9D2140A03C600EA4D2F /* EFKidsLeadsFormAppDelegate.h */ = {isa = PBXFileReference; lastKnownFileType = sourcecode.c.h; path = EFKidsLeadsFormAppDelegate.h; sourceTree = "<group>"; };
		B63AE9D3140A03C600EA4D2F /* EFKidsLeadsFormAppDelegate.m */ = {isa = PBXFileReference; lastKnownFileType = sourcecode.c.objc; path = EFKidsLeadsFormAppDelegate.m; sourceTree = "<group>"; };
		B63AE9D6140A03C600EA4D2F /* en */ = {isa = PBXFileReference; lastKnownFileType = file.xib; name = en; path = en.lproj/MainWindow.xib; sourceTree = "<group>"; };
		B63AE9D8140A03C600EA4D2F /* EFKidsLeadsFormViewController.h */ = {isa = PBXFileReference; lastKnownFileType = sourcecode.c.h; path = EFKidsLeadsFormViewController.h; sourceTree = "<group>"; };
		B63AE9D9140A03C600EA4D2F /* EFKidsLeadsFormViewController.m */ = {isa = PBXFileReference; lastKnownFileType = sourcecode.c.objc; path = EFKidsLeadsFormViewController.m; sourceTree = "<group>"; };
		B63AE9DC140A03C700EA4D2F /* en */ = {isa = PBXFileReference; lastKnownFileType = file.xib; name = en; path = en.lproj/EFKidsLeadsFormViewController.xib; sourceTree = "<group>"; };
		B63AE9E9140A061E00EA4D2F /* .gitattributes */ = {isa = PBXFileReference; fileEncoding = 4; lastKnownFileType = text; path = .gitattributes; sourceTree = "<group>"; };
		B63AE9EA140A061E00EA4D2F /* .gitignore */ = {isa = PBXFileReference; fileEncoding = 4; lastKnownFileType = text; path = .gitignore; sourceTree = "<group>"; };
		B63AE9EC140A061E00EA4D2F /* ASIAuthenticationDialog.h */ = {isa = PBXFileReference; fileEncoding = 4; lastKnownFileType = sourcecode.c.h; path = ASIAuthenticationDialog.h; sourceTree = "<group>"; };
		B63AE9ED140A061E00EA4D2F /* ASIAuthenticationDialog.m */ = {isa = PBXFileReference; fileEncoding = 4; lastKnownFileType = sourcecode.c.objc; path = ASIAuthenticationDialog.m; sourceTree = "<group>"; };
		B63AE9EE140A061E00EA4D2F /* ASICacheDelegate.h */ = {isa = PBXFileReference; fileEncoding = 4; lastKnownFileType = sourcecode.c.h; path = ASICacheDelegate.h; sourceTree = "<group>"; };
		B63AE9EF140A061E00EA4D2F /* ASIDataCompressor.h */ = {isa = PBXFileReference; fileEncoding = 4; lastKnownFileType = sourcecode.c.h; path = ASIDataCompressor.h; sourceTree = "<group>"; };
		B63AE9F0140A061E00EA4D2F /* ASIDataCompressor.m */ = {isa = PBXFileReference; fileEncoding = 4; lastKnownFileType = sourcecode.c.objc; path = ASIDataCompressor.m; sourceTree = "<group>"; };
		B63AE9F1140A061E00EA4D2F /* ASIDataDecompressor.h */ = {isa = PBXFileReference; fileEncoding = 4; lastKnownFileType = sourcecode.c.h; path = ASIDataDecompressor.h; sourceTree = "<group>"; };
		B63AE9F2140A061E00EA4D2F /* ASIDataDecompressor.m */ = {isa = PBXFileReference; fileEncoding = 4; lastKnownFileType = sourcecode.c.objc; path = ASIDataDecompressor.m; sourceTree = "<group>"; };
		B63AE9F3140A061E00EA4D2F /* ASIDownloadCache.h */ = {isa = PBXFileReference; fileEncoding = 4; lastKnownFileType = sourcecode.c.h; path = ASIDownloadCache.h; sourceTree = "<group>"; };
		B63AE9F4140A061E00EA4D2F /* ASIDownloadCache.m */ = {isa = PBXFileReference; fileEncoding = 4; lastKnownFileType = sourcecode.c.objc; path = ASIDownloadCache.m; sourceTree = "<group>"; };
		B63AE9F5140A061E00EA4D2F /* ASIFormDataRequest.h */ = {isa = PBXFileReference; fileEncoding = 4; lastKnownFileType = sourcecode.c.h; path = ASIFormDataRequest.h; sourceTree = "<group>"; };
		B63AE9F6140A061E00EA4D2F /* ASIFormDataRequest.m */ = {isa = PBXFileReference; fileEncoding = 4; lastKnownFileType = sourcecode.c.objc; path = ASIFormDataRequest.m; sourceTree = "<group>"; };
		B63AE9F7140A061E00EA4D2F /* ASIHTTPRequest.h */ = {isa = PBXFileReference; fileEncoding = 4; lastKnownFileType = sourcecode.c.h; path = ASIHTTPRequest.h; sourceTree = "<group>"; };
		B63AE9F8140A061E00EA4D2F /* ASIHTTPRequest.m */ = {isa = PBXFileReference; fileEncoding = 4; lastKnownFileType = sourcecode.c.objc; path = ASIHTTPRequest.m; sourceTree = "<group>"; };
		B63AE9F9140A061E00EA4D2F /* ASIHTTPRequestConfig.h */ = {isa = PBXFileReference; fileEncoding = 4; lastKnownFileType = sourcecode.c.h; path = ASIHTTPRequestConfig.h; sourceTree = "<group>"; };
		B63AE9FA140A061E00EA4D2F /* ASIHTTPRequestDelegate.h */ = {isa = PBXFileReference; fileEncoding = 4; lastKnownFileType = sourcecode.c.h; path = ASIHTTPRequestDelegate.h; sourceTree = "<group>"; };
		B63AE9FB140A061E00EA4D2F /* ASIInputStream.h */ = {isa = PBXFileReference; fileEncoding = 4; lastKnownFileType = sourcecode.c.h; path = ASIInputStream.h; sourceTree = "<group>"; };
		B63AE9FC140A061E00EA4D2F /* ASIInputStream.m */ = {isa = PBXFileReference; fileEncoding = 4; lastKnownFileType = sourcecode.c.objc; path = ASIInputStream.m; sourceTree = "<group>"; };
		B63AE9FD140A061E00EA4D2F /* ASINetworkQueue.h */ = {isa = PBXFileReference; fileEncoding = 4; lastKnownFileType = sourcecode.c.h; path = ASINetworkQueue.h; sourceTree = "<group>"; };
		B63AE9FE140A061E00EA4D2F /* ASINetworkQueue.m */ = {isa = PBXFileReference; fileEncoding = 4; lastKnownFileType = sourcecode.c.objc; path = ASINetworkQueue.m; sourceTree = "<group>"; };
		B63AE9FF140A061E00EA4D2F /* ASIProgressDelegate.h */ = {isa = PBXFileReference; fileEncoding = 4; lastKnownFileType = sourcecode.c.h; path = ASIProgressDelegate.h; sourceTree = "<group>"; };
		B63AEA01140A061E00EA4D2F /* ASIWebPageRequest.h */ = {isa = PBXFileReference; fileEncoding = 4; lastKnownFileType = sourcecode.c.h; path = ASIWebPageRequest.h; sourceTree = "<group>"; };
		B63AEA02140A061E00EA4D2F /* ASIWebPageRequest.m */ = {isa = PBXFileReference; fileEncoding = 4; lastKnownFileType = sourcecode.c.objc; path = ASIWebPageRequest.m; sourceTree = "<group>"; };
		B63AEA04140A061E00EA4D2F /* ASICloudFilesCDNRequest.h */ = {isa = PBXFileReference; fileEncoding = 4; lastKnownFileType = sourcecode.c.h; path = ASICloudFilesCDNRequest.h; sourceTree = "<group>"; };
		B63AEA05140A061E00EA4D2F /* ASICloudFilesCDNRequest.m */ = {isa = PBXFileReference; fileEncoding = 4; lastKnownFileType = sourcecode.c.objc; path = ASICloudFilesCDNRequest.m; sourceTree = "<group>"; };
		B63AEA06140A061E00EA4D2F /* ASICloudFilesContainer.h */ = {isa = PBXFileReference; fileEncoding = 4; lastKnownFileType = sourcecode.c.h; path = ASICloudFilesContainer.h; sourceTree = "<group>"; };
		B63AEA07140A061E00EA4D2F /* ASICloudFilesContainer.m */ = {isa = PBXFileReference; fileEncoding = 4; lastKnownFileType = sourcecode.c.objc; path = ASICloudFilesContainer.m; sourceTree = "<group>"; };
		B63AEA08140A061E00EA4D2F /* ASICloudFilesContainerRequest.h */ = {isa = PBXFileReference; fileEncoding = 4; lastKnownFileType = sourcecode.c.h; path = ASICloudFilesContainerRequest.h; sourceTree = "<group>"; };
		B63AEA09140A061E00EA4D2F /* ASICloudFilesContainerRequest.m */ = {isa = PBXFileReference; fileEncoding = 4; lastKnownFileType = sourcecode.c.objc; path = ASICloudFilesContainerRequest.m; sourceTree = "<group>"; };
		B63AEA0A140A061E00EA4D2F /* ASICloudFilesContainerXMLParserDelegate.h */ = {isa = PBXFileReference; fileEncoding = 4; lastKnownFileType = sourcecode.c.h; path = ASICloudFilesContainerXMLParserDelegate.h; sourceTree = "<group>"; };
		B63AEA0B140A061E00EA4D2F /* ASICloudFilesContainerXMLParserDelegate.m */ = {isa = PBXFileReference; fileEncoding = 4; lastKnownFileType = sourcecode.c.objc; path = ASICloudFilesContainerXMLParserDelegate.m; sourceTree = "<group>"; };
		B63AEA0C140A061E00EA4D2F /* ASICloudFilesObject.h */ = {isa = PBXFileReference; fileEncoding = 4; lastKnownFileType = sourcecode.c.h; path = ASICloudFilesObject.h; sourceTree = "<group>"; };
		B63AEA0D140A061E00EA4D2F /* ASICloudFilesObject.m */ = {isa = PBXFileReference; fileEncoding = 4; lastKnownFileType = sourcecode.c.objc; path = ASICloudFilesObject.m; sourceTree = "<group>"; };
		B63AEA0E140A061E00EA4D2F /* ASICloudFilesObjectRequest.h */ = {isa = PBXFileReference; fileEncoding = 4; lastKnownFileType = sourcecode.c.h; path = ASICloudFilesObjectRequest.h; sourceTree = "<group>"; };
		B63AEA0F140A061E00EA4D2F /* ASICloudFilesObjectRequest.m */ = {isa = PBXFileReference; fileEncoding = 4; lastKnownFileType = sourcecode.c.objc; path = ASICloudFilesObjectRequest.m; sourceTree = "<group>"; };
		B63AEA10140A061E00EA4D2F /* ASICloudFilesRequest.h */ = {isa = PBXFileReference; fileEncoding = 4; lastKnownFileType = sourcecode.c.h; path = ASICloudFilesRequest.h; sourceTree = "<group>"; };
		B63AEA11140A061E00EA4D2F /* ASICloudFilesRequest.m */ = {isa = PBXFileReference; fileEncoding = 4; lastKnownFileType = sourcecode.c.objc; path = ASICloudFilesRequest.m; sourceTree = "<group>"; };
		B63AEA13140A061E00EA4D2F /* ASINSXMLParserCompat.h */ = {isa = PBXFileReference; fileEncoding = 4; lastKnownFileType = sourcecode.c.h; path = ASINSXMLParserCompat.h; sourceTree = "<group>"; };
		B63AEA14140A061E00EA4D2F /* ASIS3Bucket.h */ = {isa = PBXFileReference; fileEncoding = 4; lastKnownFileType = sourcecode.c.h; path = ASIS3Bucket.h; sourceTree = "<group>"; };
		B63AEA15140A061E00EA4D2F /* ASIS3Bucket.m */ = {isa = PBXFileReference; fileEncoding = 4; lastKnownFileType = sourcecode.c.objc; path = ASIS3Bucket.m; sourceTree = "<group>"; };
		B63AEA16140A061E00EA4D2F /* ASIS3BucketObject.h */ = {isa = PBXFileReference; fileEncoding = 4; lastKnownFileType = sourcecode.c.h; path = ASIS3BucketObject.h; sourceTree = "<group>"; };
		B63AEA17140A061E00EA4D2F /* ASIS3BucketObject.m */ = {isa = PBXFileReference; fileEncoding = 4; lastKnownFileType = sourcecode.c.objc; path = ASIS3BucketObject.m; sourceTree = "<group>"; };
		B63AEA18140A061E00EA4D2F /* ASIS3BucketRequest.h */ = {isa = PBXFileReference; fileEncoding = 4; lastKnownFileType = sourcecode.c.h; path = ASIS3BucketRequest.h; sourceTree = "<group>"; };
		B63AEA19140A061E00EA4D2F /* ASIS3BucketRequest.m */ = {isa = PBXFileReference; fileEncoding = 4; lastKnownFileType = sourcecode.c.objc; path = ASIS3BucketRequest.m; sourceTree = "<group>"; };
		B63AEA1A140A061E00EA4D2F /* ASIS3ObjectRequest.h */ = {isa = PBXFileReference; fileEncoding = 4; lastKnownFileType = sourcecode.c.h; path = ASIS3ObjectRequest.h; sourceTree = "<group>"; };
		B63AEA1B140A061E00EA4D2F /* ASIS3ObjectRequest.m */ = {isa = PBXFileReference; fileEncoding = 4; lastKnownFileType = sourcecode.c.objc; path = ASIS3ObjectRequest.m; sourceTree = "<group>"; };
		B63AEA1C140A061E00EA4D2F /* ASIS3Request.h */ = {isa = PBXFileReference; fileEncoding = 4; lastKnownFileType = sourcecode.c.h; path = ASIS3Request.h; sourceTree = "<group>"; };
		B63AEA1D140A061E00EA4D2F /* ASIS3Request.m */ = {isa = PBXFileReference; fileEncoding = 4; lastKnownFileType = sourcecode.c.objc; path = ASIS3Request.m; sourceTree = "<group>"; };
		B63AEA1E140A061E00EA4D2F /* ASIS3ServiceRequest.h */ = {isa = PBXFileReference; fileEncoding = 4; lastKnownFileType = sourcecode.c.h; path = ASIS3ServiceRequest.h; sourceTree = "<group>"; };
		B63AEA1F140A061E00EA4D2F /* ASIS3ServiceRequest.m */ = {isa = PBXFileReference; fileEncoding = 4; lastKnownFileType = sourcecode.c.objc; path = ASIS3ServiceRequest.m; sourceTree = "<group>"; };
		B63AEA23140A061E00EA4D2F /* README-GHUnit */ = {isa = PBXFileReference; fileEncoding = 4; lastKnownFileType = text; path = "README-GHUnit"; sourceTree = "<group>"; };
		B63AEA25140A061E00EA4D2F /* Reachability.h */ = {isa = PBXFileReference; fileEncoding = 4; lastKnownFileType = sourcecode.c.h; path = Reachability.h; sourceTree = "<group>"; };
		B63AEA26140A061E00EA4D2F /* Reachability.m */ = {isa = PBXFileReference; fileEncoding = 4; lastKnownFileType = sourcecode.c.objc; path = Reachability.m; sourceTree = "<group>"; };
		B63AEA28140A061E00EA4D2F /* JSON.h */ = {isa = PBXFileReference; fileEncoding = 4; lastKnownFileType = sourcecode.c.h; path = JSON.h; sourceTree = "<group>"; };
		B63AEA29140A061E00EA4D2F /* NSObject+SBJson.h */ = {isa = PBXFileReference; fileEncoding = 4; lastKnownFileType = sourcecode.c.h; path = "NSObject+SBJson.h"; sourceTree = "<group>"; };
		B63AEA2A140A061E00EA4D2F /* NSObject+SBJson.m */ = {isa = PBXFileReference; fileEncoding = 4; lastKnownFileType = sourcecode.c.objc; path = "NSObject+SBJson.m"; sourceTree = "<group>"; };
		B63AEA2B140A061E00EA4D2F /* SBJson.h */ = {isa = PBXFileReference; fileEncoding = 4; lastKnownFileType = sourcecode.c.h; path = SBJson.h; sourceTree = "<group>"; };
		B63AEA2C140A061E00EA4D2F /* SBJsonParser.h */ = {isa = PBXFileReference; fileEncoding = 4; lastKnownFileType = sourcecode.c.h; path = SBJsonParser.h; sourceTree = "<group>"; };
		B63AEA2D140A061E00EA4D2F /* SBJsonParser.m */ = {isa = PBXFileReference; fileEncoding = 4; lastKnownFileType = sourcecode.c.objc; path = SBJsonParser.m; sourceTree = "<group>"; };
		B63AEA2E140A061E00EA4D2F /* SBJsonStreamParser.h */ = {isa = PBXFileReference; fileEncoding = 4; lastKnownFileType = sourcecode.c.h; path = SBJsonStreamParser.h; sourceTree = "<group>"; };
		B63AEA2F140A061E00EA4D2F /* SBJsonStreamParser.m */ = {isa = PBXFileReference; fileEncoding = 4; lastKnownFileType = sourcecode.c.objc; path = SBJsonStreamParser.m; sourceTree = "<group>"; };
		B63AEA30140A061E00EA4D2F /* SBJsonStreamParserAccumulator.h */ = {isa = PBXFileReference; fileEncoding = 4; lastKnownFileType = sourcecode.c.h; path = SBJsonStreamParserAccumulator.h; sourceTree = "<group>"; };
		B63AEA31140A061E00EA4D2F /* SBJsonStreamParserAccumulator.m */ = {isa = PBXFileReference; fileEncoding = 4; lastKnownFileType = sourcecode.c.objc; path = SBJsonStreamParserAccumulator.m; sourceTree = "<group>"; };
		B63AEA32140A061E00EA4D2F /* SBJsonStreamParserAdapter.h */ = {isa = PBXFileReference; fileEncoding = 4; lastKnownFileType = sourcecode.c.h; path = SBJsonStreamParserAdapter.h; sourceTree = "<group>"; };
		B63AEA33140A061E00EA4D2F /* SBJsonStreamParserAdapter.m */ = {isa = PBXFileReference; fileEncoding = 4; lastKnownFileType = sourcecode.c.objc; path = SBJsonStreamParserAdapter.m; sourceTree = "<group>"; };
		B63AEA34140A061E00EA4D2F /* SBJsonStreamParserState.h */ = {isa = PBXFileReference; fileEncoding = 4; lastKnownFileType = sourcecode.c.h; path = SBJsonStreamParserState.h; sourceTree = "<group>"; };
		B63AEA35140A061E00EA4D2F /* SBJsonStreamParserState.m */ = {isa = PBXFileReference; fileEncoding = 4; lastKnownFileType = sourcecode.c.objc; path = SBJsonStreamParserState.m; sourceTree = "<group>"; };
		B63AEA36140A061E00EA4D2F /* SBJsonStreamWriter.h */ = {isa = PBXFileReference; fileEncoding = 4; lastKnownFileType = sourcecode.c.h; path = SBJsonStreamWriter.h; sourceTree = "<group>"; };
		B63AEA37140A061E00EA4D2F /* SBJsonStreamWriter.m */ = {isa = PBXFileReference; fileEncoding = 4; lastKnownFileType = sourcecode.c.objc; path = SBJsonStreamWriter.m; sourceTree = "<group>"; };
		B63AEA38140A061E00EA4D2F /* SBJsonStreamWriterAccumulator.h */ = {isa = PBXFileReference; fileEncoding = 4; lastKnownFileType = sourcecode.c.h; path = SBJsonStreamWriterAccumulator.h; sourceTree = "<group>"; };
		B63AEA39140A061E00EA4D2F /* SBJsonStreamWriterAccumulator.m */ = {isa = PBXFileReference; fileEncoding = 4; lastKnownFileType = sourcecode.c.objc; path = SBJsonStreamWriterAccumulator.m; sourceTree = "<group>"; };
		B63AEA3A140A061E00EA4D2F /* SBJsonStreamWriterState.h */ = {isa = PBXFileReference; fileEncoding = 4; lastKnownFileType = sourcecode.c.h; path = SBJsonStreamWriterState.h; sourceTree = "<group>"; };
		B63AEA3B140A061E00EA4D2F /* SBJsonStreamWriterState.m */ = {isa = PBXFileReference; fileEncoding = 4; lastKnownFileType = sourcecode.c.objc; path = SBJsonStreamWriterState.m; sourceTree = "<group>"; };
		B63AEA3C140A061E00EA4D2F /* SBJsonTokeniser.h */ = {isa = PBXFileReference; fileEncoding = 4; lastKnownFileType = sourcecode.c.h; path = SBJsonTokeniser.h; sourceTree = "<group>"; };
		B63AEA3D140A061E00EA4D2F /* SBJsonTokeniser.m */ = {isa = PBXFileReference; fileEncoding = 4; lastKnownFileType = sourcecode.c.objc; path = SBJsonTokeniser.m; sourceTree = "<group>"; };
		B63AEA3E140A061E00EA4D2F /* SBJsonUTF8Stream.h */ = {isa = PBXFileReference; fileEncoding = 4; lastKnownFileType = sourcecode.c.h; path = SBJsonUTF8Stream.h; sourceTree = "<group>"; };
		B63AEA3F140A061E00EA4D2F /* SBJsonUTF8Stream.m */ = {isa = PBXFileReference; fileEncoding = 4; lastKnownFileType = sourcecode.c.objc; path = SBJsonUTF8Stream.m; sourceTree = "<group>"; };
		B63AEA40140A061E00EA4D2F /* SBJsonWriter.h */ = {isa = PBXFileReference; fileEncoding = 4; lastKnownFileType = sourcecode.c.h; path = SBJsonWriter.h; sourceTree = "<group>"; };
		B63AEA41140A061E00EA4D2F /* SBJsonWriter.m */ = {isa = PBXFileReference; fileEncoding = 4; lastKnownFileType = sourcecode.c.objc; path = SBJsonWriter.m; sourceTree = "<group>"; };
		B63AEA6A140A073700EA4D2F /* Default-Portrait~ipad.png */ = {isa = PBXFileReference; lastKnownFileType = image.png; path = "Default-Portrait~ipad.png"; sourceTree = "<group>"; };
		B63AEA6C140A074B00EA4D2F /* Default-Landscape~ipad.png */ = {isa = PBXFileReference; lastKnownFileType = image.png; path = "Default-Landscape~ipad.png"; sourceTree = "<group>"; };
		B63AEA6E140A078C00EA4D2F /* MobileCoreServices.framework */ = {isa = PBXFileReference; lastKnownFileType = wrapper.framework; name = MobileCoreServices.framework; path = System/Library/Frameworks/MobileCoreServices.framework; sourceTree = SDKROOT; };
		B63AEA70140A079B00EA4D2F /* SystemConfiguration.framework */ = {isa = PBXFileReference; lastKnownFileType = wrapper.framework; name = SystemConfiguration.framework; path = System/Library/Frameworks/SystemConfiguration.framework; sourceTree = SDKROOT; };
		B63AEA72140A07B200EA4D2F /* CFNetwork.framework */ = {isa = PBXFileReference; lastKnownFileType = wrapper.framework; name = CFNetwork.framework; path = System/Library/Frameworks/CFNetwork.framework; sourceTree = SDKROOT; };
		B63AEA74140A07BE00EA4D2F /* libxml2.dylib */ = {isa = PBXFileReference; lastKnownFileType = "compiled.mach-o.dylib"; name = libxml2.dylib; path = usr/lib/libxml2.dylib; sourceTree = SDKROOT; };
		B63AEA76140A07C900EA4D2F /* libz.dylib */ = {isa = PBXFileReference; lastKnownFileType = "compiled.mach-o.dylib"; name = libz.dylib; path = usr/lib/libz.dylib; sourceTree = SDKROOT; };
		B6EAAA551415127900AC90B7 /* FormLandscape.png */ = {isa = PBXFileReference; lastKnownFileType = image.png; name = FormLandscape.png; path = ../../../__NOW/E1KidsLeads/EFKidsLeadsForm/EFKidsLeadsForm/Resources/Backgrounds/FormLandscape.png; sourceTree = "<group>"; };
		B6EAAA5C1415194B00AC90B7 /* LoadingView.h */ = {isa = PBXFileReference; fileEncoding = 4; lastKnownFileType = sourcecode.c.h; path = LoadingView.h; sourceTree = "<group>"; };
		B6EAAA5D1415194B00AC90B7 /* LoadingView.m */ = {isa = PBXFileReference; fileEncoding = 4; lastKnownFileType = sourcecode.c.objc; path = LoadingView.m; sourceTree = "<group>"; };
/* End PBXFileReference section */

/* Begin PBXFrameworksBuildPhase section */
		B63AE9BC140A03C600EA4D2F /* Frameworks */ = {
			isa = PBXFrameworksBuildPhase;
			buildActionMask = 2147483647;
			files = (
				B63AEA77140A07C900EA4D2F /* libz.dylib in Frameworks */,
				B63AEA75140A07BE00EA4D2F /* libxml2.dylib in Frameworks */,
				B63AEA73140A07B200EA4D2F /* CFNetwork.framework in Frameworks */,
				B63AEA71140A079B00EA4D2F /* SystemConfiguration.framework in Frameworks */,
				B63AEA6F140A078C00EA4D2F /* MobileCoreServices.framework in Frameworks */,
				B63AE9C4140A03C600EA4D2F /* UIKit.framework in Frameworks */,
				B63AE9C6140A03C600EA4D2F /* Foundation.framework in Frameworks */,
				B63AE9C8140A03C600EA4D2F /* CoreGraphics.framework in Frameworks */,
			);
			runOnlyForDeploymentPostprocessing = 0;
		};
/* End PBXFrameworksBuildPhase section */

/* Begin PBXGroup section */
		B60C9FDA140ABBF60017BF6B /* Backgrounds */ = {
			isa = PBXGroup;
			children = (
				B6EAAA551415127900AC90B7 /* FormLandscape.png */,
				B62E32B31413516F0037D96D /* SubmittedLandscape.png */,
				B60C9FDD140ABC070017BF6B /* FormPortrait.png */,
			);
			name = Backgrounds;
			sourceTree = "<group>";
		};
		B62E326B1411F37D0037D96D /* Controllers */ = {
			isa = PBXGroup;
			children = (
			);
			path = Controllers;
			sourceTree = "<group>";
		};
		B62E329914127FC80037D96D /* SemiModalView */ = {
			isa = PBXGroup;
			children = (
				B62E329A14127FC80037D96D /* TDDatePickerController.h */,
				B62E329B14127FC80037D96D /* TDDatePickerController.m */,
				B62E329C14127FC80037D96D /* TDDatePickerController.xib */,
				B62E329D14127FC80037D96D /* TDSemiModal.h */,
				B62E329E14127FC80037D96D /* TDSemiModalViewController.h */,
				B62E329F14127FC80037D96D /* TDSemiModalViewController.m */,
				B62E32A014127FC80037D96D /* UIViewController+TDSemiModalExtension.h */,
				B62E32A114127FC80037D96D /* UIViewController+TDSemiModalExtension.m */,
			);
			name = SemiModalView;
			path = EFKidsLeadsForm/References/SemiModalView;
			sourceTree = "<group>";
		};
		B636505B140F59BC0006B2D4 /* ViewControllers */ = {
			isa = PBXGroup;
			children = (
				B63AE9D8140A03C600EA4D2F /* EFKidsLeadsFormViewController.h */,
				B63AE9D9140A03C600EA4D2F /* EFKidsLeadsFormViewController.m */,
				B62E32AE141351240037D96D /* EFKidsLeadsSubmittedViewController.h */,
				B62E32AF141351240037D96D /* EFKidsLeadsSubmittedViewController.m */,
			);
			name = ViewControllers;
			sourceTree = "<group>";
		};
		B636505C140F5B720006B2D4 /* UI */ = {
			isa = PBXGroup;
			children = (
				B62E32B0141351240037D96D /* EFKidsLeadsSubmittedViewController.xib */,
				B63AE9D5140A03C600EA4D2F /* MainWindow.xib */,
				B63AE9DB140A03C700EA4D2F /* EFKidsLeadsFormViewController.xib */,
			);
			name = UI;
			sourceTree = "<group>";
		};
		B636505D140F5B920006B2D4 /* Delegates */ = {
			isa = PBXGroup;
			children = (
				B63AE9D2140A03C600EA4D2F /* EFKidsLeadsFormAppDelegate.h */,
				B63AE9D3140A03C600EA4D2F /* EFKidsLeadsFormAppDelegate.m */,
			);
			name = Delegates;
			sourceTree = "<group>";
		};
		B63650911411323F0006B2D4 /* SBAlertView */ = {
			isa = PBXGroup;
			children = (
				B6365092141132670006B2D4 /* SBTableAlert.h */,
				B6365093141132670006B2D4 /* SBTableAlert.m */,
			);
			name = SBAlertView;
			path = EFKidsLeadsForm/References/SBAlertView;
			sourceTree = "<group>";
		};
		B6365095141159460006B2D4 /* Common */ = {
			isa = PBXGroup;
			children = (
				B6365096141159F40006B2D4 /* Helper.h */,
				B6365097141159F40006B2D4 /* Helper.m */,
			);
			name = Common;
			sourceTree = "<group>";
		};
		B63AE9B4140A03C600EA4D2F = {
			isa = PBXGroup;
			children = (
				B6365095141159460006B2D4 /* Common */,
				B63AEA78140A086600EA4D2F /* Resources */,
				B63AE9E7140A05F500EA4D2F /* References */,
				B63AE9C9140A03C600EA4D2F /* EFKidsLeadsForm */,
				B63AE9C2140A03C600EA4D2F /* Frameworks */,
				B63AE9C0140A03C600EA4D2F /* Products */,
			);
			sourceTree = "<group>";
		};
		B63AE9C0140A03C600EA4D2F /* Products */ = {
			isa = PBXGroup;
			children = (
				B63AE9BF140A03C600EA4D2F /* EFKidsLeadsForm.app */,
			);
			name = Products;
			sourceTree = "<group>";
		};
		B63AE9C2140A03C600EA4D2F /* Frameworks */ = {
			isa = PBXGroup;
			children = (
				B63AEA76140A07C900EA4D2F /* libz.dylib */,
				B63AEA74140A07BE00EA4D2F /* libxml2.dylib */,
				B63AEA72140A07B200EA4D2F /* CFNetwork.framework */,
				B63AEA70140A079B00EA4D2F /* SystemConfiguration.framework */,
				B63AEA6E140A078C00EA4D2F /* MobileCoreServices.framework */,
				B63AE9C3140A03C600EA4D2F /* UIKit.framework */,
				B63AE9C5140A03C600EA4D2F /* Foundation.framework */,
				B63AE9C7140A03C600EA4D2F /* CoreGraphics.framework */,
			);
			name = Frameworks;
			sourceTree = "<group>";
		};
		B63AE9C9140A03C600EA4D2F /* EFKidsLeadsForm */ = {
			isa = PBXGroup;
			children = (
				B6EAAA5B1415194B00AC90B7 /* Views */,
				B62E326B1411F37D0037D96D /* Controllers */,
				B636505D140F5B920006B2D4 /* Delegates */,
				B636505C140F5B720006B2D4 /* UI */,
				B636505B140F59BC0006B2D4 /* ViewControllers */,
				B63AE9CA140A03C600EA4D2F /* Supporting Files */,
			);
			path = EFKidsLeadsForm;
			sourceTree = "<group>";
		};
		B63AE9CA140A03C600EA4D2F /* Supporting Files */ = {
			isa = PBXGroup;
			children = (
				B63AE9CB140A03C600EA4D2F /* EFKidsLeadsForm-Info.plist */,
				B63AE9CC140A03C600EA4D2F /* InfoPlist.strings */,
				B63AE9CF140A03C600EA4D2F /* main.m */,
				B63AE9D1140A03C600EA4D2F /* EFKidsLeadsForm-Prefix.pch */,
			);
			name = "Supporting Files";
			sourceTree = "<group>";
		};
		B63AE9E7140A05F500EA4D2F /* References */ = {
			isa = PBXGroup;
			children = (
				B62E329914127FC80037D96D /* SemiModalView */,
				B63650911411323F0006B2D4 /* SBAlertView */,
				B63AE9E8140A061E00EA4D2F /* ASIHTTPRequest */,
				B63AEA27140A061E00EA4D2F /* SBJson */,
			);
			name = References;
			sourceTree = "<group>";
		};
		B63AE9E8140A061E00EA4D2F /* ASIHTTPRequest */ = {
			isa = PBXGroup;
			children = (
				B63AE9E9140A061E00EA4D2F /* .gitattributes */,
				B63AE9EA140A061E00EA4D2F /* .gitignore */,
				B63AE9EB140A061E00EA4D2F /* Classes */,
				B63AEA21140A061E00EA4D2F /* External */,
			);
			name = ASIHTTPRequest;
			path = EFKidsLeadsForm/References/ASIHTTPRequest;
			sourceTree = "<group>";
		};
		B63AE9EB140A061E00EA4D2F /* Classes */ = {
			isa = PBXGroup;
			children = (
				B63AE9EC140A061E00EA4D2F /* ASIAuthenticationDialog.h */,
				B63AE9ED140A061E00EA4D2F /* ASIAuthenticationDialog.m */,
				B63AE9EE140A061E00EA4D2F /* ASICacheDelegate.h */,
				B63AE9EF140A061E00EA4D2F /* ASIDataCompressor.h */,
				B63AE9F0140A061E00EA4D2F /* ASIDataCompressor.m */,
				B63AE9F1140A061E00EA4D2F /* ASIDataDecompressor.h */,
				B63AE9F2140A061E00EA4D2F /* ASIDataDecompressor.m */,
				B63AE9F3140A061E00EA4D2F /* ASIDownloadCache.h */,
				B63AE9F4140A061E00EA4D2F /* ASIDownloadCache.m */,
				B63AE9F5140A061E00EA4D2F /* ASIFormDataRequest.h */,
				B63AE9F6140A061E00EA4D2F /* ASIFormDataRequest.m */,
				B63AE9F7140A061E00EA4D2F /* ASIHTTPRequest.h */,
				B63AE9F8140A061E00EA4D2F /* ASIHTTPRequest.m */,
				B63AE9F9140A061E00EA4D2F /* ASIHTTPRequestConfig.h */,
				B63AE9FA140A061E00EA4D2F /* ASIHTTPRequestDelegate.h */,
				B63AE9FB140A061E00EA4D2F /* ASIInputStream.h */,
				B63AE9FC140A061E00EA4D2F /* ASIInputStream.m */,
				B63AE9FD140A061E00EA4D2F /* ASINetworkQueue.h */,
				B63AE9FE140A061E00EA4D2F /* ASINetworkQueue.m */,
				B63AE9FF140A061E00EA4D2F /* ASIProgressDelegate.h */,
				B63AEA00140A061E00EA4D2F /* ASIWebPageRequest */,
				B63AEA03140A061E00EA4D2F /* CloudFiles */,
				B63AEA12140A061E00EA4D2F /* S3 */,
				B63AEA20140A061E00EA4D2F /* Tests */,
			);
			path = Classes;
			sourceTree = "<group>";
		};
		B63AEA00140A061E00EA4D2F /* ASIWebPageRequest */ = {
			isa = PBXGroup;
			children = (
				B63AEA01140A061E00EA4D2F /* ASIWebPageRequest.h */,
				B63AEA02140A061E00EA4D2F /* ASIWebPageRequest.m */,
			);
			path = ASIWebPageRequest;
			sourceTree = "<group>";
		};
		B63AEA03140A061E00EA4D2F /* CloudFiles */ = {
			isa = PBXGroup;
			children = (
				B63AEA04140A061E00EA4D2F /* ASICloudFilesCDNRequest.h */,
				B63AEA05140A061E00EA4D2F /* ASICloudFilesCDNRequest.m */,
				B63AEA06140A061E00EA4D2F /* ASICloudFilesContainer.h */,
				B63AEA07140A061E00EA4D2F /* ASICloudFilesContainer.m */,
				B63AEA08140A061E00EA4D2F /* ASICloudFilesContainerRequest.h */,
				B63AEA09140A061E00EA4D2F /* ASICloudFilesContainerRequest.m */,
				B63AEA0A140A061E00EA4D2F /* ASICloudFilesContainerXMLParserDelegate.h */,
				B63AEA0B140A061E00EA4D2F /* ASICloudFilesContainerXMLParserDelegate.m */,
				B63AEA0C140A061E00EA4D2F /* ASICloudFilesObject.h */,
				B63AEA0D140A061E00EA4D2F /* ASICloudFilesObject.m */,
				B63AEA0E140A061E00EA4D2F /* ASICloudFilesObjectRequest.h */,
				B63AEA0F140A061E00EA4D2F /* ASICloudFilesObjectRequest.m */,
				B63AEA10140A061E00EA4D2F /* ASICloudFilesRequest.h */,
				B63AEA11140A061E00EA4D2F /* ASICloudFilesRequest.m */,
			);
			path = CloudFiles;
			sourceTree = "<group>";
		};
		B63AEA12140A061E00EA4D2F /* S3 */ = {
			isa = PBXGroup;
			children = (
				B63AEA13140A061E00EA4D2F /* ASINSXMLParserCompat.h */,
				B63AEA14140A061E00EA4D2F /* ASIS3Bucket.h */,
				B63AEA15140A061E00EA4D2F /* ASIS3Bucket.m */,
				B63AEA16140A061E00EA4D2F /* ASIS3BucketObject.h */,
				B63AEA17140A061E00EA4D2F /* ASIS3BucketObject.m */,
				B63AEA18140A061E00EA4D2F /* ASIS3BucketRequest.h */,
				B63AEA19140A061E00EA4D2F /* ASIS3BucketRequest.m */,
				B63AEA1A140A061E00EA4D2F /* ASIS3ObjectRequest.h */,
				B63AEA1B140A061E00EA4D2F /* ASIS3ObjectRequest.m */,
				B63AEA1C140A061E00EA4D2F /* ASIS3Request.h */,
				B63AEA1D140A061E00EA4D2F /* ASIS3Request.m */,
				B63AEA1E140A061E00EA4D2F /* ASIS3ServiceRequest.h */,
				B63AEA1F140A061E00EA4D2F /* ASIS3ServiceRequest.m */,
			);
			path = S3;
			sourceTree = "<group>";
		};
		B63AEA20140A061E00EA4D2F /* Tests */ = {
			isa = PBXGroup;
			children = (
			);
			path = Tests;
			sourceTree = "<group>";
		};
		B63AEA21140A061E00EA4D2F /* External */ = {
			isa = PBXGroup;
			children = (
				B63AEA22140A061E00EA4D2F /* GHUnit */,
				B63AEA24140A061E00EA4D2F /* Reachability */,
			);
			path = External;
			sourceTree = "<group>";
		};
		B63AEA22140A061E00EA4D2F /* GHUnit */ = {
			isa = PBXGroup;
			children = (
				B63AEA23140A061E00EA4D2F /* README-GHUnit */,
			);
			path = GHUnit;
			sourceTree = "<group>";
		};
		B63AEA24140A061E00EA4D2F /* Reachability */ = {
			isa = PBXGroup;
			children = (
				B63AEA25140A061E00EA4D2F /* Reachability.h */,
				B63AEA26140A061E00EA4D2F /* Reachability.m */,
			);
			path = Reachability;
			sourceTree = "<group>";
		};
		B63AEA27140A061E00EA4D2F /* SBJson */ = {
			isa = PBXGroup;
			children = (
				B63AEA28140A061E00EA4D2F /* JSON.h */,
				B63AEA29140A061E00EA4D2F /* NSObject+SBJson.h */,
				B63AEA2A140A061E00EA4D2F /* NSObject+SBJson.m */,
				B63AEA2B140A061E00EA4D2F /* SBJson.h */,
				B63AEA2C140A061E00EA4D2F /* SBJsonParser.h */,
				B63AEA2D140A061E00EA4D2F /* SBJsonParser.m */,
				B63AEA2E140A061E00EA4D2F /* SBJsonStreamParser.h */,
				B63AEA2F140A061E00EA4D2F /* SBJsonStreamParser.m */,
				B63AEA30140A061E00EA4D2F /* SBJsonStreamParserAccumulator.h */,
				B63AEA31140A061E00EA4D2F /* SBJsonStreamParserAccumulator.m */,
				B63AEA32140A061E00EA4D2F /* SBJsonStreamParserAdapter.h */,
				B63AEA33140A061E00EA4D2F /* SBJsonStreamParserAdapter.m */,
				B63AEA34140A061E00EA4D2F /* SBJsonStreamParserState.h */,
				B63AEA35140A061E00EA4D2F /* SBJsonStreamParserState.m */,
				B63AEA36140A061E00EA4D2F /* SBJsonStreamWriter.h */,
				B63AEA37140A061E00EA4D2F /* SBJsonStreamWriter.m */,
				B63AEA38140A061E00EA4D2F /* SBJsonStreamWriterAccumulator.h */,
				B63AEA39140A061E00EA4D2F /* SBJsonStreamWriterAccumulator.m */,
				B63AEA3A140A061E00EA4D2F /* SBJsonStreamWriterState.h */,
				B63AEA3B140A061E00EA4D2F /* SBJsonStreamWriterState.m */,
				B63AEA3C140A061E00EA4D2F /* SBJsonTokeniser.h */,
				B63AEA3D140A061E00EA4D2F /* SBJsonTokeniser.m */,
				B63AEA3E140A061E00EA4D2F /* SBJsonUTF8Stream.h */,
				B63AEA3F140A061E00EA4D2F /* SBJsonUTF8Stream.m */,
				B63AEA40140A061E00EA4D2F /* SBJsonWriter.h */,
				B63AEA41140A061E00EA4D2F /* SBJsonWriter.m */,
			);
			name = SBJson;
			path = EFKidsLeadsForm/References/SBJson;
			sourceTree = "<group>";
		};
		B63AEA78140A086600EA4D2F /* Resources */ = {
			isa = PBXGroup;
			children = (
				B60C9FDA140ABBF60017BF6B /* Backgrounds */,
				B63AEA7A140A088200EA4D2F /* Loading */,
				B63AEA79140A087900EA4D2F /* Icon */,
			);
			name = Resources;
			sourceTree = "<group>";
		};
		B63AEA79140A087900EA4D2F /* Icon */ = {
			isa = PBXGroup;
			children = (
				B62E326F1411F6060037D96D /* ef_logo.png */,
			);
			name = Icon;
			sourceTree = "<group>";
		};
		B63AEA7A140A088200EA4D2F /* Loading */ = {
			isa = PBXGroup;
			children = (
				B63AEA6C140A074B00EA4D2F /* Default-Landscape~ipad.png */,
				B63AEA6A140A073700EA4D2F /* Default-Portrait~ipad.png */,
			);
			name = Loading;
			sourceTree = "<group>";
		};
		B6EAAA5B1415194B00AC90B7 /* Views */ = {
			isa = PBXGroup;
			children = (
				B6EAAA5C1415194B00AC90B7 /* LoadingView.h */,
				B6EAAA5D1415194B00AC90B7 /* LoadingView.m */,
			);
			name = Views;
			path = ../../../../__NOW/E1KidsLeads/EFKidsLeadsForm/EFKidsLeadsForm/Views;
			sourceTree = "<group>";
		};
/* End PBXGroup section */

/* Begin PBXNativeTarget section */
		B63AE9BE140A03C600EA4D2F /* EFKidsLeadsForm */ = {
			isa = PBXNativeTarget;
			buildConfigurationList = B63AE9E0140A03C700EA4D2F /* Build configuration list for PBXNativeTarget "EFKidsLeadsForm" */;
			buildPhases = (
				B63AE9BB140A03C600EA4D2F /* Sources */,
				B63AE9BC140A03C600EA4D2F /* Frameworks */,
				B63AE9BD140A03C600EA4D2F /* Resources */,
			);
			buildRules = (
			);
			dependencies = (
			);
			name = EFKidsLeadsForm;
			productName = EFKidsLeadsForm;
			productReference = B63AE9BF140A03C600EA4D2F /* EFKidsLeadsForm.app */;
			productType = "com.apple.product-type.application";
		};
/* End PBXNativeTarget section */

/* Begin PBXProject section */
		B63AE9B6140A03C600EA4D2F /* Project object */ = {
			isa = PBXProject;
			buildConfigurationList = B63AE9B9140A03C600EA4D2F /* Build configuration list for PBXProject "EFKidsLeadsForm" */;
			compatibilityVersion = "Xcode 3.2";
			developmentRegion = English;
			hasScannedForEncodings = 0;
			knownRegions = (
				en,
			);
			mainGroup = B63AE9B4140A03C600EA4D2F;
			productRefGroup = B63AE9C0140A03C600EA4D2F /* Products */;
			projectDirPath = "";
			projectRoot = "";
			targets = (
				B63AE9BE140A03C600EA4D2F /* EFKidsLeadsForm */,
			);
		};
/* End PBXProject section */

/* Begin PBXResourcesBuildPhase section */
		B63AE9BD140A03C600EA4D2F /* Resources */ = {
			isa = PBXResourcesBuildPhase;
			buildActionMask = 2147483647;
			files = (
				B63AE9CE140A03C600EA4D2F /* InfoPlist.strings in Resources */,
				B63AE9D7140A03C600EA4D2F /* MainWindow.xib in Resources */,
				B63AE9DD140A03C700EA4D2F /* EFKidsLeadsFormViewController.xib in Resources */,
				B63AEA42140A061E00EA4D2F /* .gitattributes in Resources */,
				B63AEA43140A061E00EA4D2F /* .gitignore in Resources */,
				B63AEA5A140A061E00EA4D2F /* README-GHUnit in Resources */,
				B63AEA6B140A073700EA4D2F /* Default-Portrait~ipad.png in Resources */,
				B63AEA6D140A074B00EA4D2F /* Default-Landscape~ipad.png in Resources */,
				B60C9FDF140ABC080017BF6B /* FormPortrait.png in Resources */,
				B62E32701411F6060037D96D /* ef_logo.png in Resources */,
				B62E32A314127FC80037D96D /* TDDatePickerController.xib in Resources */,
				B62E32B2141351240037D96D /* EFKidsLeadsSubmittedViewController.xib in Resources */,
				B62E32B41413516F0037D96D /* SubmittedLandscape.png in Resources */,
				B6EAAA561415127900AC90B7 /* FormLandscape.png in Resources */,
			);
			runOnlyForDeploymentPostprocessing = 0;
		};
/* End PBXResourcesBuildPhase section */

/* Begin PBXSourcesBuildPhase section */
		B63AE9BB140A03C600EA4D2F /* Sources */ = {
			isa = PBXSourcesBuildPhase;
			buildActionMask = 2147483647;
			files = (
				B63AE9D0140A03C600EA4D2F /* main.m in Sources */,
				B63AE9D4140A03C600EA4D2F /* EFKidsLeadsFormAppDelegate.m in Sources */,
				B63AE9DA140A03C600EA4D2F /* EFKidsLeadsFormViewController.m in Sources */,
				B63AEA44140A061E00EA4D2F /* ASIAuthenticationDialog.m in Sources */,
				B63AEA45140A061E00EA4D2F /* ASIDataCompressor.m in Sources */,
				B63AEA46140A061E00EA4D2F /* ASIDataDecompressor.m in Sources */,
				B63AEA47140A061E00EA4D2F /* ASIDownloadCache.m in Sources */,
				B63AEA48140A061E00EA4D2F /* ASIFormDataRequest.m in Sources */,
				B63AEA49140A061E00EA4D2F /* ASIHTTPRequest.m in Sources */,
				B63AEA4A140A061E00EA4D2F /* ASIInputStream.m in Sources */,
				B63AEA4B140A061E00EA4D2F /* ASINetworkQueue.m in Sources */,
				B63AEA4C140A061E00EA4D2F /* ASIWebPageRequest.m in Sources */,
				B63AEA4D140A061E00EA4D2F /* ASICloudFilesCDNRequest.m in Sources */,
				B63AEA4E140A061E00EA4D2F /* ASICloudFilesContainer.m in Sources */,
				B63AEA4F140A061E00EA4D2F /* ASICloudFilesContainerRequest.m in Sources */,
				B63AEA50140A061E00EA4D2F /* ASICloudFilesContainerXMLParserDelegate.m in Sources */,
				B63AEA51140A061E00EA4D2F /* ASICloudFilesObject.m in Sources */,
				B63AEA52140A061E00EA4D2F /* ASICloudFilesObjectRequest.m in Sources */,
				B63AEA53140A061E00EA4D2F /* ASICloudFilesRequest.m in Sources */,
				B63AEA54140A061E00EA4D2F /* ASIS3Bucket.m in Sources */,
				B63AEA55140A061E00EA4D2F /* ASIS3BucketObject.m in Sources */,
				B63AEA56140A061E00EA4D2F /* ASIS3BucketRequest.m in Sources */,
				B63AEA57140A061E00EA4D2F /* ASIS3ObjectRequest.m in Sources */,
				B63AEA58140A061E00EA4D2F /* ASIS3Request.m in Sources */,
				B63AEA59140A061E00EA4D2F /* ASIS3ServiceRequest.m in Sources */,
				B63AEA5B140A061E00EA4D2F /* Reachability.m in Sources */,
				B63AEA5C140A061E00EA4D2F /* NSObject+SBJson.m in Sources */,
				B63AEA5D140A061E00EA4D2F /* SBJsonParser.m in Sources */,
				B63AEA5E140A061E00EA4D2F /* SBJsonStreamParser.m in Sources */,
				B63AEA5F140A061E00EA4D2F /* SBJsonStreamParserAccumulator.m in Sources */,
				B63AEA60140A061E00EA4D2F /* SBJsonStreamParserAdapter.m in Sources */,
				B63AEA61140A061E00EA4D2F /* SBJsonStreamParserState.m in Sources */,
				B63AEA62140A061E00EA4D2F /* SBJsonStreamWriter.m in Sources */,
				B63AEA63140A061E00EA4D2F /* SBJsonStreamWriterAccumulator.m in Sources */,
				B63AEA64140A061E00EA4D2F /* SBJsonStreamWriterState.m in Sources */,
				B63AEA65140A061E00EA4D2F /* SBJsonTokeniser.m in Sources */,
				B63AEA66140A061E00EA4D2F /* SBJsonUTF8Stream.m in Sources */,
				B63AEA67140A061E00EA4D2F /* SBJsonWriter.m in Sources */,
				B6365094141132670006B2D4 /* SBTableAlert.m in Sources */,
				B6365098141159F40006B2D4 /* Helper.m in Sources */,
				B62E32A214127FC80037D96D /* TDDatePickerController.m in Sources */,
				B62E32A414127FC80037D96D /* TDSemiModalViewController.m in Sources */,
				B62E32A514127FC80037D96D /* UIViewController+TDSemiModalExtension.m in Sources */,
				B62E32B1141351240037D96D /* EFKidsLeadsSubmittedViewController.m in Sources */,
				B6EAAA5E1415194B00AC90B7 /* LoadingView.m in Sources */,
			);
			runOnlyForDeploymentPostprocessing = 0;
		};
/* End PBXSourcesBuildPhase section */

/* Begin PBXVariantGroup section */
		B63AE9CC140A03C600EA4D2F /* InfoPlist.strings */ = {
			isa = PBXVariantGroup;
			children = (
				B63AE9CD140A03C600EA4D2F /* en */,
			);
			name = InfoPlist.strings;
			sourceTree = "<group>";
		};
		B63AE9D5140A03C600EA4D2F /* MainWindow.xib */ = {
			isa = PBXVariantGroup;
			children = (
				B63AE9D6140A03C600EA4D2F /* en */,
			);
			name = MainWindow.xib;
			sourceTree = "<group>";
		};
		B63AE9DB140A03C700EA4D2F /* EFKidsLeadsFormViewController.xib */ = {
			isa = PBXVariantGroup;
			children = (
				B63AE9DC140A03C700EA4D2F /* en */,
			);
			name = EFKidsLeadsFormViewController.xib;
			sourceTree = "<group>";
		};
/* End PBXVariantGroup section */

/* Begin XCBuildConfiguration section */
		B63AE9DE140A03C700EA4D2F /* Debug */ = {
			isa = XCBuildConfiguration;
			buildSettings = {
				ALWAYS_SEARCH_USER_PATHS = NO;
				ARCHS = "$(ARCHS_UNIVERSAL_IPHONE_OS)";
				"CODE_SIGN_IDENTITY[sdk=iphoneos*]" = "iPhone Developer";
				COPY_PHASE_STRIP = NO;
				GCC_C_LANGUAGE_STANDARD = gnu99;
				GCC_DYNAMIC_NO_PIC = NO;
				GCC_OPTIMIZATION_LEVEL = 0;
				GCC_PREPROCESSOR_DEFINITIONS = (
					"DEBUG=1",
					"$(inherited)",
				);
				GCC_SYMBOLS_PRIVATE_EXTERN = NO;
				GCC_VERSION = com.apple.compilers.llvmgcc42;
				GCC_WARN_ABOUT_MISSING_PROTOTYPES = YES;
				GCC_WARN_ABOUT_RETURN_TYPE = YES;
				GCC_WARN_UNUSED_VARIABLE = YES;
				HEADER_SEARCH_PATHS = "${SDK_DIR}/usr/include/libxml2";
				IPHONEOS_DEPLOYMENT_TARGET = 4.3;
				SDKROOT = iphoneos;
				TARGETED_DEVICE_FAMILY = 2;
			};
			name = Debug;
		};
		B63AE9DF140A03C700EA4D2F /* Release */ = {
			isa = XCBuildConfiguration;
			buildSettings = {
				ALWAYS_SEARCH_USER_PATHS = NO;
				ARCHS = "$(ARCHS_UNIVERSAL_IPHONE_OS)";
				"CODE_SIGN_IDENTITY[sdk=iphoneos*]" = "iPhone Developer";
				COPY_PHASE_STRIP = YES;
				GCC_C_LANGUAGE_STANDARD = gnu99;
				GCC_VERSION = com.apple.compilers.llvmgcc42;
				GCC_WARN_ABOUT_MISSING_PROTOTYPES = YES;
				GCC_WARN_ABOUT_RETURN_TYPE = YES;
				GCC_WARN_UNUSED_VARIABLE = YES;
				HEADER_SEARCH_PATHS = "${SDK_DIR}/usr/include/libxml2";
				IPHONEOS_DEPLOYMENT_TARGET = 4.3;
				OTHER_CFLAGS = "-DNS_BLOCK_ASSERTIONS=1";
				SDKROOT = iphoneos;
				TARGETED_DEVICE_FAMILY = 2;
				VALIDATE_PRODUCT = YES;
			};
			name = Release;
		};
		B63AE9E1140A03C700EA4D2F /* Debug */ = {
			isa = XCBuildConfiguration;
			buildSettings = {
				GCC_PRECOMPILE_PREFIX_HEADER = YES;
				GCC_PREFIX_HEADER = "EFKidsLeadsForm/EFKidsLeadsForm-Prefix.pch";
				INFOPLIST_FILE = "EFKidsLeadsForm/EFKidsLeadsForm-Info.plist";
				PRODUCT_NAME = "$(TARGET_NAME)";
				WRAPPER_EXTENSION = app;
			};
			name = Debug;
		};
		B63AE9E2140A03C700EA4D2F /* Release */ = {
			isa = XCBuildConfiguration;
			buildSettings = {
				GCC_PRECOMPILE_PREFIX_HEADER = YES;
				GCC_PREFIX_HEADER = "EFKidsLeadsForm/EFKidsLeadsForm-Prefix.pch";
				INFOPLIST_FILE = "EFKidsLeadsForm/EFKidsLeadsForm-Info.plist";
				PRODUCT_NAME = "$(TARGET_NAME)";
				WRAPPER_EXTENSION = app;
			};
			name = Release;
		};
/* End XCBuildConfiguration section */

/* Begin XCConfigurationList section */
		B63AE9B9140A03C600EA4D2F /* Build configuration list for PBXProject "EFKidsLeadsForm" */ = {
			isa = XCConfigurationList;
			buildConfigurations = (
				B63AE9DE140A03C700EA4D2F /* Debug */,
				B63AE9DF140A03C700EA4D2F /* Release */,
			);
			defaultConfigurationIsVisible = 0;
			defaultConfigurationName = Release;
		};
		B63AE9E0140A03C700EA4D2F /* Build configuration list for PBXNativeTarget "EFKidsLeadsForm" */ = {
			isa = XCConfigurationList;
			buildConfigurations = (
				B63AE9E1140A03C700EA4D2F /* Debug */,
				B63AE9E2140A03C700EA4D2F /* Release */,
			);
			defaultConfigurationIsVisible = 0;
			defaultConfigurationName = Release;
		};
/* End XCConfigurationList section */
	};
	rootObject = B63AE9B6140A03C600EA4D2F /* Project object */;
}
