// !$*UTF8*$!
{
	archiveVersion = 1;
	classes = {
	};
	objectVersion = 46;
	objects = {

/* Begin PBXBuildFile section */
		B63AE9C4140A03C600EA4D2F /* UIKit.framework in Frameworks */ = {isa = PBXBuildFile; fileRef = B63AE9C3140A03C600EA4D2F /* UIKit.framework */; };
		B63AE9C6140A03C600EA4D2F /* Foundation.framework in Frameworks */ = {isa = PBXBuildFile; fileRef = B63AE9C5140A03C600EA4D2F /* Foundation.framework */; };
		B63AE9C8140A03C600EA4D2F /* CoreGraphics.framework in Frameworks */ = {isa = PBXBuildFile; fileRef = B63AE9C7140A03C600EA4D2F /* CoreGraphics.framework */; };
		B63AE9CE140A03C600EA4D2F /* InfoPlist.strings in Resources */ = {isa = PBXBuildFile; fileRef = B63AE9CC140A03C600EA4D2F /* InfoPlist.strings */; };
		B63AE9D0140A03C600EA4D2F /* main.m in Sources */ = {isa = PBXBuildFile; fileRef = B63AE9CF140A03C600EA4D2F /* main.m */; };
		B63AE9D4140A03C600EA4D2F /* EFKidsLeadsFormAppDelegate.m in Sources */ = {isa = PBXBuildFile; fileRef = B63AE9D3140A03C600EA4D2F /* EFKidsLeadsFormAppDelegate.m */; };
		B63AE9D7140A03C600EA4D2F /* MainWindow.xib in Resources */ = {isa = PBXBuildFile; fileRef = B63AE9D5140A03C600EA4D2F /* MainWindow.xib */; };
		B63AE9DA140A03C600EA4D2F /* EFKidsLeadsFormViewController.m in Sources */ = {isa = PBXBuildFile; fileRef = B63AE9D9140A03C600EA4D2F /* EFKidsLeadsFormViewController.m */; };
		B63AE9DD140A03C700EA4D2F /* EFKidsLeadsFormViewController.xib in Resources */ = {isa = PBXBuildFile; fileRef = B63AE9DB140A03C700EA4D2F /* EFKidsLeadsFormViewController.xib */; };
/* End PBXBuildFile section */

/* Begin PBXFileReference section */
		B63AE9BF140A03C600EA4D2F /* EFKidsLeadsForm.app */ = {isa = PBXFileReference; explicitFileType = wrapper.application; includeInIndex = 0; path = EFKidsLeadsForm.app; sourceTree = BUILT_PRODUCTS_DIR; };
		B63AE9C3140A03C600EA4D2F /* UIKit.framework */ = {isa = PBXFileReference; lastKnownFileType = wrapper.framework; name = UIKit.framework; path = System/Library/Frameworks/UIKit.framework; sourceTree = SDKROOT; };
		B63AE9C5140A03C600EA4D2F /* Foundation.framework */ = {isa = PBXFileReference; lastKnownFileType = wrapper.framework; name = Foundation.framework; path = System/Library/Frameworks/Foundation.framework; sourceTree = SDKROOT; };
		B63AE9C7140A03C600EA4D2F /* CoreGraphics.framework */ = {isa = PBXFileReference; lastKnownFileType = wrapper.framework; name = CoreGraphics.framework; path = System/Library/Frameworks/CoreGraphics.framework; sourceTree = SDKROOT; };
		B63AE9CB140A03C600EA4D2F /* EFKidsLeadsForm-Info.plist */ = {isa = PBXFileReference; path = "EFKidsLeadsForm-Info.plist"; sourceTree = "<group>"; };
		B63AE9CD140A03C600EA4D2F /* en */ = {isa = PBXFileReference; lastKnownFileType = text.plist.strings; name = en; path = en.lproj/InfoPlist.strings; sourceTree = "<group>"; };
		B63AE9CF140A03C600EA4D2F /* main.m */ = {isa = PBXFileReference; lastKnownFileType = sourcecode.c.objc; path = main.m; sourceTree = "<group>"; };
		B63AE9D1140A03C600EA4D2F /* EFKidsLeadsForm-Prefix.pch */ = {isa = PBXFileReference; path = "EFKidsLeadsForm-Prefix.pch"; sourceTree = "<group>"; };
		B63AE9D2140A03C600EA4D2F /* EFKidsLeadsFormAppDelegate.h */ = {isa = PBXFileReference; path = EFKidsLeadsFormAppDelegate.h; sourceTree = "<group>"; };
		B63AE9D3140A03C600EA4D2F /* EFKidsLeadsFormAppDelegate.m */ = {isa = PBXFileReference; lastKnownFileType = sourcecode.c.objc; path = EFKidsLeadsFormAppDelegate.m; sourceTree = "<group>"; };
		B63AE9D6140A03C600EA4D2F /* en */ = {isa = PBXFileReference; lastKnownFileType = file.xib; name = en; path = en.lproj/MainWindow.xib; sourceTree = "<group>"; };
		B63AE9D8140A03C600EA4D2F /* EFKidsLeadsFormViewController.h */ = {isa = PBXFileReference; path = EFKidsLeadsFormViewController.h; sourceTree = "<group>"; };
		B63AE9D9140A03C600EA4D2F /* EFKidsLeadsFormViewController.m */ = {isa = PBXFileReference; lastKnownFileType = sourcecode.c.objc; path = EFKidsLeadsFormViewController.m; sourceTree = "<group>"; };
		B63AE9DC140A03C700EA4D2F /* en */ = {isa = PBXFileReference; lastKnownFileType = file.xib; name = en; path = en.lproj/EFKidsLeadsFormViewController.xib; sourceTree = "<group>"; };
/* End PBXFileReference section */

/* Begin PBXFrameworksBuildPhase section */
		B63AE9BC140A03C600EA4D2F /* Frameworks */ = {
			isa = PBXFrameworksBuildPhase;
			buildActionMask = 2147483647;
			files = (
				B63AE9C4140A03C600EA4D2F /* UIKit.framework in Frameworks */,
				B63AE9C6140A03C600EA4D2F /* Foundation.framework in Frameworks */,
				B63AE9C8140A03C600EA4D2F /* CoreGraphics.framework in Frameworks */,
			);
			runOnlyForDeploymentPostprocessing = 0;
		};
/* End PBXFrameworksBuildPhase section */

/* Begin PBXGroup section */
		B63AE9B4140A03C600EA4D2F = {
			isa = PBXGroup;
			children = (
				B63AE9C9140A03C600EA4D2F /* EFKidsLeadsForm */,
				B63AE9C2140A03C600EA4D2F /* Frameworks */,
				B63AE9C0140A03C600EA4D2F /* Products */,
			);
			sourceTree = "<group>";
		};
		B63AE9C0140A03C600EA4D2F /* Products */ = {
			isa = PBXGroup;
			children = (
				B63AE9BF140A03C600EA4D2F /* EFKidsLeadsForm.app */,
			);
			name = Products;
			sourceTree = "<group>";
		};
		B63AE9C2140A03C600EA4D2F /* Frameworks */ = {
			isa = PBXGroup;
			children = (
				B63AE9C3140A03C600EA4D2F /* UIKit.framework */,
				B63AE9C5140A03C600EA4D2F /* Foundation.framework */,
				B63AE9C7140A03C600EA4D2F /* CoreGraphics.framework */,
			);
			name = Frameworks;
			sourceTree = "<group>";
		};
		B63AE9C9140A03C600EA4D2F /* EFKidsLeadsForm */ = {
			isa = PBXGroup;
			children = (
				B63AE9D2140A03C600EA4D2F /* EFKidsLeadsFormAppDelegate.h */,
				B63AE9D3140A03C600EA4D2F /* EFKidsLeadsFormAppDelegate.m */,
				B63AE9D5140A03C600EA4D2F /* MainWindow.xib */,
				B63AE9D8140A03C600EA4D2F /* EFKidsLeadsFormViewController.h */,
				B63AE9D9140A03C600EA4D2F /* EFKidsLeadsFormViewController.m */,
				B63AE9DB140A03C700EA4D2F /* EFKidsLeadsFormViewController.xib */,
				B63AE9CA140A03C600EA4D2F /* Supporting Files */,
			);
			path = EFKidsLeadsForm;
			sourceTree = "<group>";
		};
		B63AE9CA140A03C600EA4D2F /* Supporting Files */ = {
			isa = PBXGroup;
			children = (
				B63AE9CB140A03C600EA4D2F /* EFKidsLeadsForm-Info.plist */,
				B63AE9CC140A03C600EA4D2F /* InfoPlist.strings */,
				B63AE9CF140A03C600EA4D2F /* main.m */,
				B63AE9D1140A03C600EA4D2F /* EFKidsLeadsForm-Prefix.pch */,
			);
			name = "Supporting Files";
			sourceTree = "<group>";
		};
/* End PBXGroup section */

/* Begin PBXNativeTarget section */
		B63AE9BE140A03C600EA4D2F /* EFKidsLeadsForm */ = {
			isa = PBXNativeTarget;
			buildConfigurationList = B63AE9E0140A03C700EA4D2F /* Build configuration list for PBXNativeTarget "EFKidsLeadsForm" */;
			buildPhases = (
				B63AE9BB140A03C600EA4D2F /* Sources */,
				B63AE9BC140A03C600EA4D2F /* Frameworks */,
				B63AE9BD140A03C600EA4D2F /* Resources */,
			);
			buildRules = (
			);
			dependencies = (
			);
			name = EFKidsLeadsForm;
			productName = EFKidsLeadsForm;
			productReference = B63AE9BF140A03C600EA4D2F /* EFKidsLeadsForm.app */;
			productType = "com.apple.product-type.application";
		};
/* End PBXNativeTarget section */

/* Begin PBXProject section */
		B63AE9B6140A03C600EA4D2F /* Project object */ = {
			isa = PBXProject;
			buildConfigurationList = B63AE9B9140A03C600EA4D2F /* Build configuration list for PBXProject "EFKidsLeadsForm" */;
			compatibilityVersion = "Xcode 3.2";
			developmentRegion = English;
			hasScannedForEncodings = 0;
			knownRegions = (
				en,
			);
			mainGroup = B63AE9B4140A03C600EA4D2F;
			productRefGroup = B63AE9C0140A03C600EA4D2F /* Products */;
			projectDirPath = "";
			projectRoot = "";
			targets = (
				B63AE9BE140A03C600EA4D2F /* EFKidsLeadsForm */,
			);
		};
/* End PBXProject section */

/* Begin PBXResourcesBuildPhase section */
		B63AE9BD140A03C600EA4D2F /* Resources */ = {
			isa = PBXResourcesBuildPhase;
			buildActionMask = 2147483647;
			files = (
				B63AE9CE140A03C600EA4D2F /* InfoPlist.strings in Resources */,
				B63AE9D7140A03C600EA4D2F /* MainWindow.xib in Resources */,
				B63AE9DD140A03C700EA4D2F /* EFKidsLeadsFormViewController.xib in Resources */,
			);
			runOnlyForDeploymentPostprocessing = 0;
		};
/* End PBXResourcesBuildPhase section */

/* Begin PBXSourcesBuildPhase section */
		B63AE9BB140A03C600EA4D2F /* Sources */ = {
			isa = PBXSourcesBuildPhase;
			buildActionMask = 2147483647;
			files = (
				B63AE9D0140A03C600EA4D2F /* main.m in Sources */,
				B63AE9D4140A03C600EA4D2F /* EFKidsLeadsFormAppDelegate.m in Sources */,
				B63AE9DA140A03C600EA4D2F /* EFKidsLeadsFormViewController.m in Sources */,
			);
			runOnlyForDeploymentPostprocessing = 0;
		};
/* End PBXSourcesBuildPhase section */

/* Begin PBXVariantGroup section */
		B63AE9CC140A03C600EA4D2F /* InfoPlist.strings */ = {
			isa = PBXVariantGroup;
			children = (
				B63AE9CD140A03C600EA4D2F /* en */,
			);
			name = InfoPlist.strings;
			sourceTree = "<group>";
		};
		B63AE9D5140A03C600EA4D2F /* MainWindow.xib */ = {
			isa = PBXVariantGroup;
			children = (
				B63AE9D6140A03C600EA4D2F /* en */,
			);
			name = MainWindow.xib;
			sourceTree = "<group>";
		};
		B63AE9DB140A03C700EA4D2F /* EFKidsLeadsFormViewController.xib */ = {
			isa = PBXVariantGroup;
			children = (
				B63AE9DC140A03C700EA4D2F /* en */,
			);
			name = EFKidsLeadsFormViewController.xib;
			sourceTree = "<group>";
		};
/* End PBXVariantGroup section */

/* Begin XCBuildConfiguration section */
		B63AE9DE140A03C700EA4D2F /* Debug */ = {
			isa = XCBuildConfiguration;
			buildSettings = {
				ALWAYS_SEARCH_USER_PATHS = NO;
				ARCHS = "$(ARCHS_UNIVERSAL_IPHONE_OS)";
				"CODE_SIGN_IDENTITY[sdk=iphoneos*]" = "iPhone Developer";
				COPY_PHASE_STRIP = NO;
				GCC_C_LANGUAGE_STANDARD = gnu99;
				GCC_DYNAMIC_NO_PIC = NO;
				GCC_OPTIMIZATION_LEVEL = 0;
				GCC_PREPROCESSOR_DEFINITIONS = (
					"DEBUG=1",
					"$(inherited)",
				);
				GCC_SYMBOLS_PRIVATE_EXTERN = NO;
				GCC_VERSION = com.apple.compilers.llvmgcc42;
				GCC_WARN_ABOUT_MISSING_PROTOTYPES = YES;
				GCC_WARN_ABOUT_RETURN_TYPE = YES;
				GCC_WARN_UNUSED_VARIABLE = YES;
				IPHONEOS_DEPLOYMENT_TARGET = 4.3;
				SDKROOT = iphoneos;
				TARGETED_DEVICE_FAMILY = 2;
			};
			name = Debug;
		};
		B63AE9DF140A03C700EA4D2F /* Release */ = {
			isa = XCBuildConfiguration;
			buildSettings = {
				ALWAYS_SEARCH_USER_PATHS = NO;
				ARCHS = "$(ARCHS_UNIVERSAL_IPHONE_OS)";
				"CODE_SIGN_IDENTITY[sdk=iphoneos*]" = "iPhone Developer";
				COPY_PHASE_STRIP = YES;
				GCC_C_LANGUAGE_STANDARD = gnu99;
				GCC_VERSION = com.apple.compilers.llvmgcc42;
				GCC_WARN_ABOUT_MISSING_PROTOTYPES = YES;
				GCC_WARN_ABOUT_RETURN_TYPE = YES;
				GCC_WARN_UNUSED_VARIABLE = YES;
				IPHONEOS_DEPLOYMENT_TARGET = 4.3;
				OTHER_CFLAGS = "-DNS_BLOCK_ASSERTIONS=1";
				SDKROOT = iphoneos;
				TARGETED_DEVICE_FAMILY = 2;
				VALIDATE_PRODUCT = YES;
			};
			name = Release;
		};
		B63AE9E1140A03C700EA4D2F /* Debug */ = {
			isa = XCBuildConfiguration;
			buildSettings = {
				GCC_PRECOMPILE_PREFIX_HEADER = YES;
				GCC_PREFIX_HEADER = "EFKidsLeadsForm/EFKidsLeadsForm-Prefix.pch";
				INFOPLIST_FILE = "EFKidsLeadsForm/EFKidsLeadsForm-Info.plist";
				PRODUCT_NAME = "$(TARGET_NAME)";
				WRAPPER_EXTENSION = app;
			};
			name = Debug;
		};
		B63AE9E2140A03C700EA4D2F /* Release */ = {
			isa = XCBuildConfiguration;
			buildSettings = {
				GCC_PRECOMPILE_PREFIX_HEADER = YES;
				GCC_PREFIX_HEADER = "EFKidsLeadsForm/EFKidsLeadsForm-Prefix.pch";
				INFOPLIST_FILE = "EFKidsLeadsForm/EFKidsLeadsForm-Info.plist";
				PRODUCT_NAME = "$(TARGET_NAME)";
				WRAPPER_EXTENSION = app;
			};
			name = Release;
		};
/* End XCBuildConfiguration section */

/* Begin XCConfigurationList section */
		B63AE9B9140A03C600EA4D2F /* Build configuration list for PBXProject "EFKidsLeadsForm" */ = {
			isa = XCConfigurationList;
			buildConfigurations = (
				B63AE9DE140A03C700EA4D2F /* Debug */,
				B63AE9DF140A03C700EA4D2F /* Release */,
			);
			defaultConfigurationIsVisible = 0;
			defaultConfigurationName = Release;
		};
		B63AE9E0140A03C700EA4D2F /* Build configuration list for PBXNativeTarget "EFKidsLeadsForm" */ = {
			isa = XCConfigurationList;
			buildConfigurations = (
				B63AE9E1140A03C700EA4D2F /* Debug */,
				B63AE9E2140A03C700EA4D2F /* Release */,
			);
			defaultConfigurationIsVisible = 0;
		};
/* End XCConfigurationList section */
	};
	rootObject = B63AE9B6140A03C600EA4D2F /* Project object */;
}
